{
  "markbot": "182b8cb18f1271900122dbb6720e79e3734c494df88bf2b335ac4ddca33d1148",
  "index-320.png": "1195d032aa94821d7b567ecb697d1449682c2f9e86a3bdffeea044eba5040bee",
  "index-400.png": "90988111832172b716e689ce472c7d6918bfa7641bc0bdeffecbad93ee46dfd7",
  "index-608.png": "a33fde2f59c48f8abf017b882b1e6c1bcca469829312c2ec4db3a531468a6dbd",
  "index-960.png": "0f442fcb8a711e425dea72ec798a0e5aa0156b6ed857a86391e416ca91313f3c",
  "index-1440.png": "2a528dd785dd279dcab799b4f9cf44b7fd2ec244d643be90441232069bc6e7b7"
}