{
  "markbot": "ad491d33165d815bd1f7a19e80cbbd74dacc902605c3576adef8fa85176629dd",
  "markbotignore": "030a4e6e1b3b6b510514a7ae54576e2c2ef762d56236c6414ef634955d96a126",
  "index-320.png": "5364601c7d86265d36f4bdc669856dd572f941ce3814b08ac6de4b3849321c28",
  "index-400.png": "29aa54bef9eead21955d5758b518c8f56776ced022f3728725e555eba0de216c",
  "index-608.png": "bf85e359cdcd04ed4e336fb40901d6a18de0b89d18fe1fb2c3ed9da941dfb921",
  "index-960.png": "23caede2962b2539af5385ee587aa8595b093ffdcc484002962da9340eb9da8e",
  "index-1440.png": "31bc8d5568498017f293b6d833e6071d98796564f8ef32cc4edbd0a4b4278a5e"
}