{
  "markbot": "829e1d837434701d899f24c5f492d2bb7f0a0145d0a3a834ab3e9a96ac606af0",
  "index-320.png": "3738b6db3fa1927db6d77afb9bb7314faaec023f41e811e4570d66fc8a7db089",
  "index-400.png": "b2cfb3098ca117c1d6baefeca0b3d577c2d7b16e15df76b512a455c2f471b3ef",
  "index-608.png": "de5d8a91ef398e10adaf5275e5a774c4fbff86bd5eb185b0d749c3e64f786147",
  "index-960.png": "1da98801a1625a0c62973a4f2474f065bc766ae3adbc678229c795b8b1bbc5ad",
  "index-1440.png": "6e6fe657361f66c5b74adfcf9665194d354ad247bf78adbeb93b0e9362dd344c"
}